Microsoft Visual Studio Solution File, Format Version 11.00
# Visual Studio 2008

Project("{48250CEA-5296-15F1-3546-01D858C480E2}") = "Map bien 1", "Assembly-CSharp-firstpass.csproj", "{F565668A-FBCC-EFBB-1152-BC39A8558DAB}"
EndProject
Project("{48250CEA-5296-15F1-3546-01D858C480E2}") = "Map bien 1", "Assembly-CSharp.csproj", "{22D9D85D-FC50-4CAE-FC9E-A4C7663B7FF1}"
EndProject
Project("{48250CEA-5296-15F1-3546-01D858C480E2}") = "Map bien 1", "Assembly-UnityScript-firstpass.unityproj", "{E3F6065F-5D39-91AC-81BD-2808171CA3CE}"
EndProject
Global
	GlobalSection(SolutionConfigurationPlatforms) = preSolution
		Debug|Any CPU = Debug|Any CPU
		Release|Any CPU = Release|Any CPU
	EndGlobalSection
	GlobalSection(ProjectConfigurationPlatforms) = postSolution
		{F565668A-FBCC-EFBB-1152-BC39A8558DAB}.Debug|Any CPU.ActiveCfg = Debug|Any CPU
		{F565668A-FBCC-EFBB-1152-BC39A8558DAB}.Debug|Any CPU.Build.0 = Debug|Any CPU
		{F565668A-FBCC-EFBB-1152-BC39A8558DAB}.Release|Any CPU.ActiveCfg = Release|Any CPU
		{F565668A-FBCC-EFBB-1152-BC39A8558DAB}.Release|Any CPU.Build.0 = Release|Any CPU
		{22D9D85D-FC50-4CAE-FC9E-A4C7663B7FF1}.Debug|Any CPU.ActiveCfg = Debug|Any CPU
		{22D9D85D-FC50-4CAE-FC9E-A4C7663B7FF1}.Debug|Any CPU.Build.0 = Debug|Any CPU
		{22D9D85D-FC50-4CAE-FC9E-A4C7663B7FF1}.Release|Any CPU.ActiveCfg = Release|Any CPU
		{22D9D85D-FC50-4CAE-FC9E-A4C7663B7FF1}.Release|Any CPU.Build.0 = Release|Any CPU
		{E3F6065F-5D39-91AC-81BD-2808171CA3CE}.Debug|Any CPU.ActiveCfg = Debug|Any CPU
		{E3F6065F-5D39-91AC-81BD-2808171CA3CE}.Debug|Any CPU.Build.0 = Debug|Any CPU
		{E3F6065F-5D39-91AC-81BD-2808171CA3CE}.Release|Any CPU.ActiveCfg = Release|Any CPU
		{E3F6065F-5D39-91AC-81BD-2808171CA3CE}.Release|Any CPU.Build.0 = Release|Any CPU
	EndGlobalSection
	GlobalSection(SolutionProperties) = preSolution
		HideSolutionNode = FALSE
	EndGlobalSection
																													GlobalSection(MonoDevelopProperties) = preSolution
		StartupItem = Assembly-CSharp.csproj
		Policies = $0
		$0.TextStylePolicy = $1
		$1.inheritsSet = null
		$1.scope = text/x-csharp
		$0.CSharpFormattingPolicy = $2
		$2.inheritsSet = Mono
		$2.inheritsScope = text/x-csharp
		$2.scope = text/x-csharp
		$0.TextStylePolicy = $3
		$3.FileWidth = 120
		$3.TabWidth = 4
		$3.EolMarker = Unix
		$3.inheritsSet = Mono
		$3.inheritsScope = text/plain
		$3.scope = text/plain
	EndGlobalSection

EndGlobal
